
Microsoft Visual Studio Solution File, Format Version 12.00
# Visual Studio Version 17
VisualStudioVersion = 17.11.35017.193
MinimumVisualStudioVersion = 10.0.40219.1
Project("{FAE04EC0-301F-11D3-BF4B-00C04F79EFBC}") = "NguyenXuanBac_21103100918_dhti15a15hn_btvn_tuan2", "NguyenXuanBac_21103100918_dhti15a15hn_btvn_tuan2\NguyenXuanBac_21103100918_dhti15a15hn_btvn_tuan2.csproj", "{8D125601-EBD4-4AA2-A224-962BEBEDE23A}"
EndProject
Global
	GlobalSection(SolutionConfigurationPlatforms) = preSolution
		Debug|Any CPU = Debug|Any CPU
		Release|Any CPU = Release|Any CPU
	EndGlobalSection
	GlobalSection(ProjectConfigurationPlatforms) = postSolution
		{8D125601-EBD4-4AA2-A224-962BEBEDE23A}.Debug|Any CPU.ActiveCfg = Debug|Any CPU
		{8D125601-EBD4-4AA2-A224-962BEBEDE23A}.Debug|Any CPU.Build.0 = Debug|Any CPU
		{8D125601-EBD4-4AA2-A224-962BEBEDE23A}.Release|Any CPU.ActiveCfg = Release|Any CPU
		{8D125601-EBD4-4AA2-A224-962BEBEDE23A}.Release|Any CPU.Build.0 = Release|Any CPU
	EndGlobalSection
	GlobalSection(SolutionProperties) = preSolution
		HideSolutionNode = FALSE
	EndGlobalSection
	GlobalSection(ExtensibilityGlobals) = postSolution
		SolutionGuid = {5A5BF72F-6AB4-4B72-A895-0D8F80A57DDC}
	EndGlobalSection
EndGlobal
