
Microsoft Visual Studio Solution File, Format Version 12.00
# Visual Studio Version 17
VisualStudioVersion = 17.11.35017.193
MinimumVisualStudioVersion = 10.0.40219.1
Project("{FAE04EC0-301F-11D3-BF4B-00C04F79EFBC}") = "Bai1", "Bai1\Bai1.csproj", "{6ECED263-B00F-4D8E-B476-33F7E7C037F8}"
EndProject
Project("{FAE04EC0-301F-11D3-BF4B-00C04F79EFBC}") = "Bai2", "Bai2\Bai2.csproj", "{427FE755-DF6D-4F0A-A810-32D787A7483A}"
EndProject
Project("{FAE04EC0-301F-11D3-BF4B-00C04F79EFBC}") = "Bai3", "Bai3\Bai3.csproj", "{1E65764F-F148-4B42-947C-AA71C0112F97}"
EndProject
Project("{FAE04EC0-301F-11D3-BF4B-00C04F79EFBC}") = "Bai4", "Bai4\Bai4.csproj", "{CE99E3EE-88F0-4549-8DB5-A84DDB5FA774}"
EndProject
Project("{FAE04EC0-301F-11D3-BF4B-00C04F79EFBC}") = "Bai5", "Bai5\Bai5.csproj", "{44B5AD49-684F-47F3-A719-985C3A592F07}"
EndProject
Global
	GlobalSection(SolutionConfigurationPlatforms) = preSolution
		Debug|Any CPU = Debug|Any CPU
		Release|Any CPU = Release|Any CPU
	EndGlobalSection
	GlobalSection(ProjectConfigurationPlatforms) = postSolution
		{6ECED263-B00F-4D8E-B476-33F7E7C037F8}.Debug|Any CPU.ActiveCfg = Debug|Any CPU
		{6ECED263-B00F-4D8E-B476-33F7E7C037F8}.Debug|Any CPU.Build.0 = Debug|Any CPU
		{6ECED263-B00F-4D8E-B476-33F7E7C037F8}.Release|Any CPU.ActiveCfg = Release|Any CPU
		{6ECED263-B00F-4D8E-B476-33F7E7C037F8}.Release|Any CPU.Build.0 = Release|Any CPU
		{427FE755-DF6D-4F0A-A810-32D787A7483A}.Debug|Any CPU.ActiveCfg = Debug|Any CPU
		{427FE755-DF6D-4F0A-A810-32D787A7483A}.Debug|Any CPU.Build.0 = Debug|Any CPU
		{427FE755-DF6D-4F0A-A810-32D787A7483A}.Release|Any CPU.ActiveCfg = Release|Any CPU
		{427FE755-DF6D-4F0A-A810-32D787A7483A}.Release|Any CPU.Build.0 = Release|Any CPU
		{1E65764F-F148-4B42-947C-AA71C0112F97}.Debug|Any CPU.ActiveCfg = Debug|Any CPU
		{1E65764F-F148-4B42-947C-AA71C0112F97}.Debug|Any CPU.Build.0 = Debug|Any CPU
		{1E65764F-F148-4B42-947C-AA71C0112F97}.Release|Any CPU.ActiveCfg = Release|Any CPU
		{1E65764F-F148-4B42-947C-AA71C0112F97}.Release|Any CPU.Build.0 = Release|Any CPU
		{CE99E3EE-88F0-4549-8DB5-A84DDB5FA774}.Debug|Any CPU.ActiveCfg = Debug|Any CPU
		{CE99E3EE-88F0-4549-8DB5-A84DDB5FA774}.Debug|Any CPU.Build.0 = Debug|Any CPU
		{CE99E3EE-88F0-4549-8DB5-A84DDB5FA774}.Release|Any CPU.ActiveCfg = Release|Any CPU
		{CE99E3EE-88F0-4549-8DB5-A84DDB5FA774}.Release|Any CPU.Build.0 = Release|Any CPU
		{44B5AD49-684F-47F3-A719-985C3A592F07}.Debug|Any CPU.ActiveCfg = Debug|Any CPU
		{44B5AD49-684F-47F3-A719-985C3A592F07}.Debug|Any CPU.Build.0 = Debug|Any CPU
		{44B5AD49-684F-47F3-A719-985C3A592F07}.Release|Any CPU.ActiveCfg = Release|Any CPU
		{44B5AD49-684F-47F3-A719-985C3A592F07}.Release|Any CPU.Build.0 = Release|Any CPU
	EndGlobalSection
	GlobalSection(SolutionProperties) = preSolution
		HideSolutionNode = FALSE
	EndGlobalSection
	GlobalSection(ExtensibilityGlobals) = postSolution
		SolutionGuid = {62135A64-813D-4CE2-BE29-B325977FF9DF}
	EndGlobalSection
EndGlobal
